// !$*UTF8*$!
{
	archiveVersion = 1;
	classes = {
	};
	objectVersion = 50;
	objects = {

/* Begin PBXBuildFile section */
		9FF6A93D2291D0D4001DD61F /* AppDelegate.swift in Sources */ = {isa = PBXBuildFile; fileRef = 9FF6A93C2291D0D4001DD61F /* AppDelegate.swift */; };
		9FF6A93F2291D0D4001DD61F /* ViewController.swift in Sources */ = {isa = PBXBuildFile; fileRef = 9FF6A93E2291D0D4001DD61F /* ViewController.swift */; };
		9FF6A9422291D0D5001DD61F /* Main.storyboard in Resources */ = {isa = PBXBuildFile; fileRef = 9FF6A9402291D0D4001DD61F /* Main.storyboard */; };
		9FF6A9442291D0D6001DD61F /* Assets.xcassets in Resources */ = {isa = PBXBuildFile; fileRef = 9FF6A9432291D0D6001DD61F /* Assets.xcassets */; };
		9FF6A9472291D0D6001DD61F /* LaunchScreen.storyboard in Resources */ = {isa = PBXBuildFile; fileRef = 9FF6A9452291D0D6001DD61F /* LaunchScreen.storyboard */; };
		9FF6A9522291D0D6001DD61F /* FitnessAppTests.swift in Sources */ = {isa = PBXBuildFile; fileRef = 9FF6A9512291D0D6001DD61F /* FitnessAppTests.swift */; };
		9FF6A95D2291D0D6001DD61F /* FitnessAppUITests.swift in Sources */ = {isa = PBXBuildFile; fileRef = 9FF6A95C2291D0D6001DD61F /* FitnessAppUITests.swift */; };
/* End PBXBuildFile section */

/* Begin PBXContainerItemProxy section */
		9FF6A94E2291D0D6001DD61F /* PBXContainerItemProxy */ = {
			isa = PBXContainerItemProxy;
			containerPortal = 9FF6A9312291D0D4001DD61F /* Project object */;
			proxyType = 1;
			remoteGlobalIDString = 9FF6A9382291D0D4001DD61F;
			remoteInfo = FitnessApp;
		};
		9FF6A9592291D0D6001DD61F /* PBXContainerItemProxy */ = {
			isa = PBXContainerItemProxy;
			containerPortal = 9FF6A9312291D0D4001DD61F /* Project object */;
			proxyType = 1;
			remoteGlobalIDString = 9FF6A9382291D0D4001DD61F;
			remoteInfo = FitnessApp;
		};
/* End PBXContainerItemProxy section */

/* Begin PBXFileReference section */
		9FF6A9392291D0D4001DD61F /* FitnessApp.app */ = {isa = PBXFileReference; explicitFileType = wrapper.application; includeInIndex = 0; path = FitnessApp.app; sourceTree = BUILT_PRODUCTS_DIR; };
		9FF6A93C2291D0D4001DD61F /* AppDelegate.swift */ = {isa = PBXFileReference; lastKnownFileType = sourcecode.swift; path = AppDelegate.swift; sourceTree = "<group>"; };
		9FF6A93E2291D0D4001DD61F /* ViewController.swift */ = {isa = PBXFileReference; lastKnownFileType = sourcecode.swift; path = ViewController.swift; sourceTree = "<group>"; };
		9FF6A9412291D0D4001DD61F /* Base */ = {isa = PBXFileReference; lastKnownFileType = file.storyboard; name = Base; path = Base.lproj/Main.storyboard; sourceTree = "<group>"; };
		9FF6A9432291D0D6001DD61F /* Assets.xcassets */ = {isa = PBXFileReference; lastKnownFileType = folder.assetcatalog; path = Assets.xcassets; sourceTree = "<group>"; };
		9FF6A9462291D0D6001DD61F /* Base */ = {isa = PBXFileReference; lastKnownFileType = file.storyboard; name = Base; path = Base.lproj/LaunchScreen.storyboard; sourceTree = "<group>"; };
		9FF6A9482291D0D6001DD61F /* Info.plist */ = {isa = PBXFileReference; lastKnownFileType = text.plist.xml; path = Info.plist; sourceTree = "<group>"; };
		9FF6A94D2291D0D6001DD61F /* FitnessAppTests.xctest */ = {isa = PBXFileReference; explicitFileType = wrapper.cfbundle; includeInIndex = 0; path = FitnessAppTests.xctest; sourceTree = BUILT_PRODUCTS_DIR; };
		9FF6A9512291D0D6001DD61F /* FitnessAppTests.swift */ = {isa = PBXFileReference; lastKnownFileType = sourcecode.swift; path = FitnessAppTests.swift; sourceTree = "<group>"; };
		9FF6A9532291D0D6001DD61F /* Info.plist */ = {isa = PBXFileReference; lastKnownFileType = text.plist.xml; path = Info.plist; sourceTree = "<group>"; };
		9FF6A9582291D0D6001DD61F /* FitnessAppUITests.xctest */ = {isa = PBXFileReference; explicitFileType = wrapper.cfbundle; includeInIndex = 0; path = FitnessAppUITests.xctest; sourceTree = BUILT_PRODUCTS_DIR; };
		9FF6A95C2291D0D6001DD61F /* FitnessAppUITests.swift */ = {isa = PBXFileReference; lastKnownFileType = sourcecode.swift; path = FitnessAppUITests.swift; sourceTree = "<group>"; };
		9FF6A95E2291D0D6001DD61F /* Info.plist */ = {isa = PBXFileReference; lastKnownFileType = text.plist.xml; path = Info.plist; sourceTree = "<group>"; };
/* End PBXFileReference section */

/* Begin PBXFrameworksBuildPhase section */
		9FF6A9362291D0D4001DD61F /* Frameworks */ = {
			isa = PBXFrameworksBuildPhase;
			buildActionMask = 2147483647;
			files = (
			);
			runOnlyForDeploymentPostprocessing = 0;
		};
		9FF6A94A2291D0D6001DD61F /* Frameworks */ = {
			isa = PBXFrameworksBuildPhase;
			buildActionMask = 2147483647;
			files = (
			);
			runOnlyForDeploymentPostprocessing = 0;
		};
		9FF6A9552291D0D6001DD61F /* Frameworks */ = {
			isa = PBXFrameworksBuildPhase;
			buildActionMask = 2147483647;
			files = (
			);
			runOnlyForDeploymentPostprocessing = 0;
		};
/* End PBXFrameworksBuildPhase section */

/* Begin PBXGroup section */
		9FF6A9302291D0D4001DD61F = {
			isa = PBXGroup;
			children = (
				9FF6A93B2291D0D4001DD61F /* FitnessApp */,
				9FF6A9502291D0D6001DD61F /* FitnessAppTests */,
				9FF6A95B2291D0D6001DD61F /* FitnessAppUITests */,
				9FF6A93A2291D0D4001DD61F /* Products */,
			);
			sourceTree = "<group>";
		};
		9FF6A93A2291D0D4001DD61F /* Products */ = {
			isa = PBXGroup;
			children = (
				9FF6A9392291D0D4001DD61F /* FitnessApp.app */,
				9FF6A94D2291D0D6001DD61F /* FitnessAppTests.xctest */,
				9FF6A9582291D0D6001DD61F /* FitnessAppUITests.xctest */,
			);
			name = Products;
			sourceTree = "<group>";
		};
		9FF6A93B2291D0D4001DD61F /* FitnessApp */ = {
			isa = PBXGroup;
			children = (
				9FF6A93C2291D0D4001DD61F /* AppDelegate.swift */,
				9FF6A93E2291D0D4001DD61F /* ViewController.swift */,
				9FF6A9402291D0D4001DD61F /* Main.storyboard */,
				9FF6A9432291D0D6001DD61F /* Assets.xcassets */,
				9FF6A9452291D0D6001DD61F /* LaunchScreen.storyboard */,
				9FF6A9482291D0D6001DD61F /* Info.plist */,
			);
			path = FitnessApp;
			sourceTree = "<group>";
		};
		9FF6A9502291D0D6001DD61F /* FitnessAppTests */ = {
			isa = PBXGroup;
			children = (
				9FF6A9512291D0D6001DD61F /* FitnessAppTests.swift */,
				9FF6A9532291D0D6001DD61F /* Info.plist */,
			);
			path = FitnessAppTests;
			sourceTree = "<group>";
		};
		9FF6A95B2291D0D6001DD61F /* FitnessAppUITests */ = {
			isa = PBXGroup;
			children = (
				9FF6A95C2291D0D6001DD61F /* FitnessAppUITests.swift */,
				9FF6A95E2291D0D6001DD61F /* Info.plist */,
			);
			path = FitnessAppUITests;
			sourceTree = "<group>";
		};
/* End PBXGroup section */

/* Begin PBXNativeTarget section */
		9FF6A9382291D0D4001DD61F /* FitnessApp */ = {
			isa = PBXNativeTarget;
			buildConfigurationList = 9FF6A9612291D0D6001DD61F /* Build configuration list for PBXNativeTarget "FitnessApp" */;
			buildPhases = (
				9FF6A9352291D0D4001DD61F /* Sources */,
				9FF6A9362291D0D4001DD61F /* Frameworks */,
				9FF6A9372291D0D4001DD61F /* Resources */,
			);
			buildRules = (
			);
			dependencies = (
			);
			name = FitnessApp;
			productName = FitnessApp;
			productReference = 9FF6A9392291D0D4001DD61F /* FitnessApp.app */;
			productType = "com.apple.product-type.application";
		};
		9FF6A94C2291D0D6001DD61F /* FitnessAppTests */ = {
			isa = PBXNativeTarget;
			buildConfigurationList = 9FF6A9642291D0D6001DD61F /* Build configuration list for PBXNativeTarget "FitnessAppTests" */;
			buildPhases = (
				9FF6A9492291D0D6001DD61F /* Sources */,
				9FF6A94A2291D0D6001DD61F /* Frameworks */,
				9FF6A94B2291D0D6001DD61F /* Resources */,
			);
			buildRules = (
			);
			dependencies = (
				9FF6A94F2291D0D6001DD61F /* PBXTargetDependency */,
			);
			name = FitnessAppTests;
			productName = FitnessAppTests;
			productReference = 9FF6A94D2291D0D6001DD61F /* FitnessAppTests.xctest */;
			productType = "com.apple.product-type.bundle.unit-test";
		};
		9FF6A9572291D0D6001DD61F /* FitnessAppUITests */ = {
			isa = PBXNativeTarget;
			buildConfigurationList = 9FF6A9672291D0D6001DD61F /* Build configuration list for PBXNativeTarget "FitnessAppUITests" */;
			buildPhases = (
				9FF6A9542291D0D6001DD61F /* Sources */,
				9FF6A9552291D0D6001DD61F /* Frameworks */,
				9FF6A9562291D0D6001DD61F /* Resources */,
			);
			buildRules = (
			);
			dependencies = (
				9FF6A95A2291D0D6001DD61F /* PBXTargetDependency */,
			);
			name = FitnessAppUITests;
			productName = FitnessAppUITests;
			productReference = 9FF6A9582291D0D6001DD61F /* FitnessAppUITests.xctest */;
			productType = "com.apple.product-type.bundle.ui-testing";
		};
/* End PBXNativeTarget section */

/* Begin PBXProject section */
		9FF6A9312291D0D4001DD61F /* Project object */ = {
			isa = PBXProject;
			attributes = {
				LastSwiftUpdateCheck = 1010;
				LastUpgradeCheck = 1010;
				ORGANIZATIONNAME = "Jake Nguyen";
				TargetAttributes = {
					9FF6A9382291D0D4001DD61F = {
						CreatedOnToolsVersion = 10.1;
					};
					9FF6A94C2291D0D6001DD61F = {
						CreatedOnToolsVersion = 10.1;
						TestTargetID = 9FF6A9382291D0D4001DD61F;
					};
					9FF6A9572291D0D6001DD61F = {
						CreatedOnToolsVersion = 10.1;
						TestTargetID = 9FF6A9382291D0D4001DD61F;
					};
				};
			};
			buildConfigurationList = 9FF6A9342291D0D4001DD61F /* Build configuration list for PBXProject "FitnessApp" */;
			compatibilityVersion = "Xcode 9.3";
			developmentRegion = en;
			hasScannedForEncodings = 0;
			knownRegions = (
				en,
				Base,
			);
			mainGroup = 9FF6A9302291D0D4001DD61F;
			productRefGroup = 9FF6A93A2291D0D4001DD61F /* Products */;
			projectDirPath = "";
			projectRoot = "";
			targets = (
				9FF6A9382291D0D4001DD61F /* FitnessApp */,
				9FF6A94C2291D0D6001DD61F /* FitnessAppTests */,
				9FF6A9572291D0D6001DD61F /* FitnessAppUITests */,
			);
		};
/* End PBXProject section */

/* Begin PBXResourcesBuildPhase section */
		9FF6A9372291D0D4001DD61F /* Resources */ = {
			isa = PBXResourcesBuildPhase;
			buildActionMask = 2147483647;
			files = (
				9FF6A9472291D0D6001DD61F /* LaunchScreen.storyboard in Resources */,
				9FF6A9442291D0D6001DD61F /* Assets.xcassets in Resources */,
				9FF6A9422291D0D5001DD61F /* Main.storyboard in Resources */,
			);
			runOnlyForDeploymentPostprocessing = 0;
		};
		9FF6A94B2291D0D6001DD61F /* Resources */ = {
			isa = PBXResourcesBuildPhase;
			buildActionMask = 2147483647;
			files = (
			);
			runOnlyForDeploymentPostprocessing = 0;
		};
		9FF6A9562291D0D6001DD61F /* Resources */ = {
			isa = PBXResourcesBuildPhase;
			buildActionMask = 2147483647;
			files = (
			);
			runOnlyForDeploymentPostprocessing = 0;
		};
/* End PBXResourcesBuildPhase section */

/* Begin PBXSourcesBuildPhase section */
		9FF6A9352291D0D4001DD61F /* Sources */ = {
			isa = PBXSourcesBuildPhase;
			buildActionMask = 2147483647;
			files = (
				9FF6A93F2291D0D4001DD61F /* ViewController.swift in Sources */,
				9FF6A93D2291D0D4001DD61F /* AppDelegate.swift in Sources */,
			);
			runOnlyForDeploymentPostprocessing = 0;
		};
		9FF6A9492291D0D6001DD61F /* Sources */ = {
			isa = PBXSourcesBuildPhase;
			buildActionMask = 2147483647;
			files = (
				9FF6A9522291D0D6001DD61F /* FitnessAppTests.swift in Sources */,
			);
			runOnlyForDeploymentPostprocessing = 0;
		};
		9FF6A9542291D0D6001DD61F /* Sources */ = {
			isa = PBXSourcesBuildPhase;
			buildActionMask = 2147483647;
			files = (
				9FF6A95D2291D0D6001DD61F /* FitnessAppUITests.swift in Sources */,
			);
			runOnlyForDeploymentPostprocessing = 0;
		};
/* End PBXSourcesBuildPhase section */

/* Begin PBXTargetDependency section */
		9FF6A94F2291D0D6001DD61F /* PBXTargetDependency */ = {
			isa = PBXTargetDependency;
			target = 9FF6A9382291D0D4001DD61F /* FitnessApp */;
			targetProxy = 9FF6A94E2291D0D6001DD61F /* PBXContainerItemProxy */;
		};
		9FF6A95A2291D0D6001DD61F /* PBXTargetDependency */ = {
			isa = PBXTargetDependency;
			target = 9FF6A9382291D0D4001DD61F /* FitnessApp */;
			targetProxy = 9FF6A9592291D0D6001DD61F /* PBXContainerItemProxy */;
		};
/* End PBXTargetDependency section */

/* Begin PBXVariantGroup section */
		9FF6A9402291D0D4001DD61F /* Main.storyboard */ = {
			isa = PBXVariantGroup;
			children = (
				9FF6A9412291D0D4001DD61F /* Base */,
			);
			name = Main.storyboard;
			sourceTree = "<group>";
		};
		9FF6A9452291D0D6001DD61F /* LaunchScreen.storyboard */ = {
			isa = PBXVariantGroup;
			children = (
				9FF6A9462291D0D6001DD61F /* Base */,
			);
			name = LaunchScreen.storyboard;
			sourceTree = "<group>";
		};
/* End PBXVariantGroup section */

/* Begin XCBuildConfiguration section */
		9FF6A95F2291D0D6001DD61F /* Debug */ = {
			isa = XCBuildConfiguration;
			buildSettings = {
				ALWAYS_SEARCH_USER_PATHS = NO;
				CLANG_ANALYZER_NONNULL = YES;
				CLANG_ANALYZER_NUMBER_OBJECT_CONVERSION = YES_AGGRESSIVE;
				CLANG_CXX_LANGUAGE_STANDARD = "gnu++14";
				CLANG_CXX_LIBRARY = "libc++";
				CLANG_ENABLE_MODULES = YES;
				CLANG_ENABLE_OBJC_ARC = YES;
				CLANG_ENABLE_OBJC_WEAK = YES;
				CLANG_WARN_BLOCK_CAPTURE_AUTORELEASING = YES;
				CLANG_WARN_BOOL_CONVERSION = YES;
				CLANG_WARN_COMMA = YES;
				CLANG_WARN_CONSTANT_CONVERSION = YES;
				CLANG_WARN_DEPRECATED_OBJC_IMPLEMENTATIONS = YES;
				CLANG_WARN_DIRECT_OBJC_ISA_USAGE = YES_ERROR;
				CLANG_WARN_DOCUMENTATION_COMMENTS = YES;
				CLANG_WARN_EMPTY_BODY = YES;
				CLANG_WARN_ENUM_CONVERSION = YES;
				CLANG_WARN_INFINITE_RECURSION = YES;
				CLANG_WARN_INT_CONVERSION = YES;
				CLANG_WARN_NON_LITERAL_NULL_CONVERSION = YES;
				CLANG_WARN_OBJC_IMPLICIT_RETAIN_SELF = YES;
				CLANG_WARN_OBJC_LITERAL_CONVERSION = YES;
				CLANG_WARN_OBJC_ROOT_CLASS = YES_ERROR;
				CLANG_WARN_RANGE_LOOP_ANALYSIS = YES;
				CLANG_WARN_STRICT_PROTOTYPES = YES;
				CLANG_WARN_SUSPICIOUS_MOVE = YES;
				CLANG_WARN_UNGUARDED_AVAILABILITY = YES_AGGRESSIVE;
				CLANG_WARN_UNREACHABLE_CODE = YES;
				CLANG_WARN__DUPLICATE_METHOD_MATCH = YES;
				CODE_SIGN_IDENTITY = "iPhone Developer";
				COPY_PHASE_STRIP = NO;
				DEBUG_INFORMATION_FORMAT = dwarf;
				ENABLE_STRICT_OBJC_MSGSEND = YES;
				ENABLE_TESTABILITY = YES;
				GCC_C_LANGUAGE_STANDARD = gnu11;
				GCC_DYNAMIC_NO_PIC = NO;
				GCC_NO_COMMON_BLOCKS = YES;
				GCC_OPTIMIZATION_LEVEL = 0;
				GCC_PREPROCESSOR_DEFINITIONS = (
					"DEBUG=1",
					"$(inherited)",
				);
				GCC_WARN_64_TO_32_BIT_CONVERSION = YES;
				GCC_WARN_ABOUT_RETURN_TYPE = YES_ERROR;
				GCC_WARN_UNDECLARED_SELECTOR = YES;
				GCC_WARN_UNINITIALIZED_AUTOS = YES_AGGRESSIVE;
				GCC_WARN_UNUSED_FUNCTION = YES;
				GCC_WARN_UNUSED_VARIABLE = YES;
				IPHONEOS_DEPLOYMENT_TARGET = 12.1;
				MTL_ENABLE_DEBUG_INFO = INCLUDE_SOURCE;
				MTL_FAST_MATH = YES;
				ONLY_ACTIVE_ARCH = YES;
				SDKROOT = iphoneos;
				SWIFT_ACTIVE_COMPILATION_CONDITIONS = DEBUG;
				SWIFT_OPTIMIZATION_LEVEL = "-Onone";
			};
			name = Debug;
		};
		9FF6A9602291D0D6001DD61F /* Release */ = {
			isa = XCBuildConfiguration;
			buildSettings = {
				ALWAYS_SEARCH_USER_PATHS = NO;
				CLANG_ANALYZER_NONNULL = YES;
				CLANG_ANALYZER_NUMBER_OBJECT_CONVERSION = YES_AGGRESSIVE;
				CLANG_CXX_LANGUAGE_STANDARD = "gnu++14";
				CLANG_CXX_LIBRARY = "libc++";
				CLANG_ENABLE_MODULES = YES;
				CLANG_ENABLE_OBJC_ARC = YES;
				CLANG_ENABLE_OBJC_WEAK = YES;
				CLANG_WARN_BLOCK_CAPTURE_AUTORELEASING = YES;
				CLANG_WARN_BOOL_CONVERSION = YES;
				CLANG_WARN_COMMA = YES;
				CLANG_WARN_CONSTANT_CONVERSION = YES;
				CLANG_WARN_DEPRECATED_OBJC_IMPLEMENTATIONS = YES;
				CLANG_WARN_DIRECT_OBJC_ISA_USAGE = YES_ERROR;
				CLANG_WARN_DOCUMENTATION_COMMENTS = YES;
				CLANG_WARN_EMPTY_BODY = YES;
				CLANG_WARN_ENUM_CONVERSION = YES;
				CLANG_WARN_INFINITE_RECURSION = YES;
				CLANG_WARN_INT_CONVERSION = YES;
				CLANG_WARN_NON_LITERAL_NULL_CONVERSION = YES;
				CLANG_WARN_OBJC_IMPLICIT_RETAIN_SELF = YES;
				CLANG_WARN_OBJC_LITERAL_CONVERSION = YES;
				CLANG_WARN_OBJC_ROOT_CLASS = YES_ERROR;
				CLANG_WARN_RANGE_LOOP_ANALYSIS = YES;
				CLANG_WARN_STRICT_PROTOTYPES = YES;
				CLANG_WARN_SUSPICIOUS_MOVE = YES;
				CLANG_WARN_UNGUARDED_AVAILABILITY = YES_AGGRESSIVE;
				CLANG_WARN_UNREACHABLE_CODE = YES;
				CLANG_WARN__DUPLICATE_METHOD_MATCH = YES;
				CODE_SIGN_IDENTITY = "iPhone Developer";
				COPY_PHASE_STRIP = NO;
				DEBUG_INFORMATION_FORMAT = "dwarf-with-dsym";
				ENABLE_NS_ASSERTIONS = NO;
				ENABLE_STRICT_OBJC_MSGSEND = YES;
				GCC_C_LANGUAGE_STANDARD = gnu11;
				GCC_NO_COMMON_BLOCKS = YES;
				GCC_WARN_64_TO_32_BIT_CONVERSION = YES;
				GCC_WARN_ABOUT_RETURN_TYPE = YES_ERROR;
				GCC_WARN_UNDECLARED_SELECTOR = YES;
				GCC_WARN_UNINITIALIZED_AUTOS = YES_AGGRESSIVE;
				GCC_WARN_UNUSED_FUNCTION = YES;
				GCC_WARN_UNUSED_VARIABLE = YES;
				IPHONEOS_DEPLOYMENT_TARGET = 12.1;
				MTL_ENABLE_DEBUG_INFO = NO;
				MTL_FAST_MATH = YES;
				SDKROOT = iphoneos;
				SWIFT_COMPILATION_MODE = wholemodule;
				SWIFT_OPTIMIZATION_LEVEL = "-O";
				VALIDATE_PRODUCT = YES;
			};
			name = Release;
		};
		9FF6A9622291D0D6001DD61F /* Debug */ = {
			isa = XCBuildConfiguration;
			buildSettings = {
				ASSETCATALOG_COMPILER_APPICON_NAME = AppIcon;
				CODE_SIGN_STYLE = Automatic;
				INFOPLIST_FILE = FitnessApp/Info.plist;
				LD_RUNPATH_SEARCH_PATHS = (
					"$(inherited)",
					"@executable_path/Frameworks",
				);
				PRODUCT_BUNDLE_IDENTIFIER = edu.up.FitnessApp;
				PRODUCT_NAME = "$(TARGET_NAME)";
				SWIFT_VERSION = 4.2;
				TARGETED_DEVICE_FAMILY = "1,2";
			};
			name = Debug;
		};
		9FF6A9632291D0D6001DD61F /* Release */ = {
			isa = XCBuildConfiguration;
			buildSettings = {
				ASSETCATALOG_COMPILER_APPICON_NAME = AppIcon;
				CODE_SIGN_STYLE = Automatic;
				INFOPLIST_FILE = FitnessApp/Info.plist;
				LD_RUNPATH_SEARCH_PATHS = (
					"$(inherited)",
					"@executable_path/Frameworks",
				);
				PRODUCT_BUNDLE_IDENTIFIER = edu.up.FitnessApp;
				PRODUCT_NAME = "$(TARGET_NAME)";
				SWIFT_VERSION = 4.2;
				TARGETED_DEVICE_FAMILY = "1,2";
			};
			name = Release;
		};
		9FF6A9652291D0D6001DD61F /* Debug */ = {
			isa = XCBuildConfiguration;
			buildSettings = {
				ALWAYS_EMBED_SWIFT_STANDARD_LIBRARIES = YES;
				BUNDLE_LOADER = "$(TEST_HOST)";
				CODE_SIGN_STYLE = Automatic;
				INFOPLIST_FILE = FitnessAppTests/Info.plist;
				LD_RUNPATH_SEARCH_PATHS = (
					"$(inherited)",
					"@executable_path/Frameworks",
					"@loader_path/Frameworks",
				);
				PRODUCT_BUNDLE_IDENTIFIER = edu.up.FitnessAppTests;
				PRODUCT_NAME = "$(TARGET_NAME)";
				SWIFT_VERSION = 4.2;
				TARGETED_DEVICE_FAMILY = "1,2";
				TEST_HOST = "$(BUILT_PRODUCTS_DIR)/FitnessApp.app/FitnessApp";
			};
			name = Debug;
		};
		9FF6A9662291D0D6001DD61F /* Release */ = {
			isa = XCBuildConfiguration;
			buildSettings = {
				ALWAYS_EMBED_SWIFT_STANDARD_LIBRARIES = YES;
				BUNDLE_LOADER = "$(TEST_HOST)";
				CODE_SIGN_STYLE = Automatic;
				INFOPLIST_FILE = FitnessAppTests/Info.plist;
				LD_RUNPATH_SEARCH_PATHS = (
					"$(inherited)",
					"@executable_path/Frameworks",
					"@loader_path/Frameworks",
				);
				PRODUCT_BUNDLE_IDENTIFIER = edu.up.FitnessAppTests;
				PRODUCT_NAME = "$(TARGET_NAME)";
				SWIFT_VERSION = 4.2;
				TARGETED_DEVICE_FAMILY = "1,2";
				TEST_HOST = "$(BUILT_PRODUCTS_DIR)/FitnessApp.app/FitnessApp";
			};
			name = Release;
		};
		9FF6A9682291D0D6001DD61F /* Debug */ = {
			isa = XCBuildConfiguration;
			buildSettings = {
				ALWAYS_EMBED_SWIFT_STANDARD_LIBRARIES = YES;
				CODE_SIGN_STYLE = Automatic;
				INFOPLIST_FILE = FitnessAppUITests/Info.plist;
				LD_RUNPATH_SEARCH_PATHS = (
					"$(inherited)",
					"@executable_path/Frameworks",
					"@loader_path/Frameworks",
				);
				PRODUCT_BUNDLE_IDENTIFIER = edu.up.FitnessAppUITests;
				PRODUCT_NAME = "$(TARGET_NAME)";
				SWIFT_VERSION = 4.2;
				TARGETED_DEVICE_FAMILY = "1,2";
				TEST_TARGET_NAME = FitnessApp;
			};
			name = Debug;
		};
		9FF6A9692291D0D6001DD61F /* Release */ = {
			isa = XCBuildConfiguration;
			buildSettings = {
				ALWAYS_EMBED_SWIFT_STANDARD_LIBRARIES = YES;
				CODE_SIGN_STYLE = Automatic;
				INFOPLIST_FILE = FitnessAppUITests/Info.plist;
				LD_RUNPATH_SEARCH_PATHS = (
					"$(inherited)",
					"@executable_path/Frameworks",
					"@loader_path/Frameworks",
				);
				PRODUCT_BUNDLE_IDENTIFIER = edu.up.FitnessAppUITests;
				PRODUCT_NAME = "$(TARGET_NAME)";
				SWIFT_VERSION = 4.2;
				TARGETED_DEVICE_FAMILY = "1,2";
				TEST_TARGET_NAME = FitnessApp;
			};
			name = Release;
		};
/* End XCBuildConfiguration section */

/* Begin XCConfigurationList section */
		9FF6A9342291D0D4001DD61F /* Build configuration list for PBXProject "FitnessApp" */ = {
			isa = XCConfigurationList;
			buildConfigurations = (
				9FF6A95F2291D0D6001DD61F /* Debug */,
				9FF6A9602291D0D6001DD61F /* Release */,
			);
			defaultConfigurationIsVisible = 0;
			defaultConfigurationName = Release;
		};
		9FF6A9612291D0D6001DD61F /* Build configuration list for PBXNativeTarget "FitnessApp" */ = {
			isa = XCConfigurationList;
			buildConfigurations = (
				9FF6A9622291D0D6001DD61F /* Debug */,
				9FF6A9632291D0D6001DD61F /* Release */,
			);
			defaultConfigurationIsVisible = 0;
			defaultConfigurationName = Release;
		};
		9FF6A9642291D0D6001DD61F /* Build configuration list for PBXNativeTarget "FitnessAppTests" */ = {
			isa = XCConfigurationList;
			buildConfigurations = (
				9FF6A9652291D0D6001DD61F /* Debug */,
				9FF6A9662291D0D6001DD61F /* Release */,
			);
			defaultConfigurationIsVisible = 0;
			defaultConfigurationName = Release;
		};
		9FF6A9672291D0D6001DD61F /* Build configuration list for PBXNativeTarget "FitnessAppUITests" */ = {
			isa = XCConfigurationList;
			buildConfigurations = (
				9FF6A9682291D0D6001DD61F /* Debug */,
				9FF6A9692291D0D6001DD61F /* Release */,
			);
			defaultConfigurationIsVisible = 0;
			defaultConfigurationName = Release;
		};
/* End XCConfigurationList section */
	};
	rootObject = 9FF6A9312291D0D4001DD61F /* Project object */;
}
